<?xml version="1.0" encoding="utf-8"?>
<Project ToolsVersion="4.0" xmlns="http://schemas.microsoft.com/developer/msbuild/2003">
  <ItemGroup>
    <Filter Include="Source Files">
      <UniqueIdentifier>{4FC737F1-C7A5-4376-A066-2A32D752A2FF}</UniqueIdentifier>
      <Extensions>cpp;c;cc;cxx;def;odl;idl;hpj;bat;asm;asmx</Extensions>
    </Filter>
    <Filter Include="Header Files">
      <UniqueIdentifier>{93995380-89BD-4b04-88EB-625FBE52EBFB}</UniqueIdentifier>
      <Extensions>h;hh;hpp;hxx;hm;inl;inc;ipp;xsd</Extensions>
    </Filter>
    <Filter Include="Resource Files">
      <UniqueIdentifier>{67DA6AB6-F800-4c08-8B7A-83BB121AAD01}</UniqueIdentifier>
      <Extensions>rc;ico;cur;bmp;dlg;rc2;rct;bin;rgs;gif;jpg;jpeg;jpe;resx;tiff;tif;png;wav;mfcribbon-ms</Extensions>
    </Filter>
  </ItemGroup>
  <ItemGroup>
    <ClInclude Include="NetDesigner.h">
      <Filter>Header Files</Filter>
    </ClInclude>
    <ClInclude Include="framework.h">
      <Filter>Header Files</Filter>
    </ClInclude>
    <ClInclude Include="targetver.h">
      <Filter>Header Files</Filter>
    </ClInclude>
    <ClInclude Include="MainFrm.h">
      <Filter>Header Files</Filter>
    </ClInclude>
    <ClInclude Include="NetDesignerDoc.h">
      <Filter>Header Files</Filter>
    </ClInclude>
    <ClInclude Include="NetDesignerView.h">
      <Filter>Header Files</Filter>
    </ClInclude>
    <ClInclude Include="Resource.h">
      <Filter>Header Files</Filter>
    </ClInclude>
    <ClInclude Include="ViewTree.h">
      <Filter>Header Files</Filter>
    </ClInclude>
    <ClInclude Include="OutputWnd.h">
      <Filter>Header Files</Filter>
    </ClInclude>
    <ClInclude Include="pch.h">
      <Filter>Header Files</Filter>
    </ClInclude>
    <ClInclude Include="ToolboxWnd.h">
      <Filter>Header Files</Filter>
    </ClInclude>
    <ClInclude Include="NodeView.h">
      <Filter>Header Files</Filter>
    </ClInclude>
    <ClInclude Include="PropertiesWnd.h">
      <Filter>Header Files</Filter>
    </ClInclude>
    <ClInclude Include="CMFCVisualManagerCustom.h">
      <Filter>Header Files</Filter>
    </ClInclude>
    <ClInclude Include="CGuideSettings.h">
      <Filter>Header Files</Filter>
    </ClInclude>
    <ClInclude Include="COptions.h">
      <Filter>Header Files</Filter>
    </ClInclude>
    <ClInclude Include="CNetData.h">
      <Filter>Header Files</Filter>
    </ClInclude>
    <ClInclude Include="Neuron.h">
      <Filter>Header Files</Filter>
    </ClInclude>
    <ClInclude Include="AuxFunctions.h">
      <Filter>Header Files</Filter>
    </ClInclude>
    <ClInclude Include="CPreProcessor.h">
      <Filter>Header Files</Filter>
    </ClInclude>
    <ClInclude Include="CNormalize.h">
      <Filter>Header Files</Filter>
    </ClInclude>
    <ClInclude Include="CDateTime.h">
      <Filter>Header Files</Filter>
    </ClInclude>
    <ClInclude Include="CFFT.h">
      <Filter>Header Files</Filter>
    </ClInclude>
    <ClInclude Include="Graph.h">
      <Filter>Header Files</Filter>
    </ClInclude>
    <ClInclude Include="CDerivative.h">
      <Filter>Header Files</Filter>
    </ClInclude>
    <ClInclude Include="NetVerify.h">
      <Filter>Header Files</Filter>
    </ClInclude>
    <ClInclude Include="DefaultOptionsDlg.h">
      <Filter>Header Files</Filter>
    </ClInclude>
    <ClInclude Include="CopyrightOptions.h">
      <Filter>Header Files</Filter>
    </ClInclude>
    <ClInclude Include="GraphWnd.h">
      <Filter>Header Files</Filter>
    </ClInclude>
    <ClInclude Include="NormalizationFactor.h">
      <Filter>Header Files</Filter>
    </ClInclude>
    <ClInclude Include="NetOutputDlg.h">
      <Filter>Header Files</Filter>
    </ClInclude>
    <ClInclude Include="CActivation.h">
      <Filter>Header Files</Filter>
    </ClInclude>
    <ClInclude Include="CDataSetDlg.h">
      <Filter>Header Files</Filter>
    </ClInclude>
    <ClInclude Include="CSeedDlg.h">
      <Filter>Header Files</Filter>
    </ClInclude>
    <ClInclude Include="CAutoNetConfigDlg.h">
      <Filter>Header Files</Filter>
    </ClInclude>
    <ClInclude Include="CStatus.h">
      <Filter>Header Files</Filter>
    </ClInclude>
    <ClInclude Include="CAutoRnnConfigDlg.h">
      <Filter>Header Files</Filter>
    </ClInclude>
    <ClInclude Include="CEvaluateDlg.h">
      <Filter>Header Files</Filter>
    </ClInclude>
    <ClInclude Include="CAutoEncoderConfigDlg.h">
      <Filter>Header Files</Filter>
    </ClInclude>
    <ClInclude Include="CGraphOptions.h">
      <Filter>Header Files</Filter>
    </ClInclude>
    <ClInclude Include="DataView.h">
      <Filter>Header Files</Filter>
    </ClInclude>
    <ClInclude Include="CFileNameParser.h">
      <Filter>Header Files</Filter>
    </ClInclude>
    <ClInclude Include="CNetInfo.h">
      <Filter>Header Files</Filter>
    </ClInclude>
    <ClInclude Include="CStatus2.h">
      <Filter>Header Files</Filter>
    </ClInclude>
    <ClInclude Include="CExportFileTypeDlg.h">
      <Filter>Header Files</Filter>
    </ClInclude>
    <ClInclude Include="CTrainInitializationDlg1.h">
      <Filter>Header Files</Filter>
    </ClInclude>
    <ClInclude Include="CTrainInitializationDlg2.h">
      <Filter>Header Files</Filter>
    </ClInclude>
    <ClInclude Include="WaveFile.h">
      <Filter>Header Files</Filter>
    </ClInclude>
    <ClInclude Include="CFieldKeyDlg.h">
      <Filter>Header Files</Filter>
    </ClInclude>
    <ClInclude Include="CEvaluateFileDlg.h">
      <Filter>Header Files</Filter>
    </ClInclude>
    <ClInclude Include="CClusterAnalysisDlg.h">
      <Filter>Header Files</Filter>
    </ClInclude>
    <ClInclude Include="CFileTypeSelectDlg.h">
      <Filter>Header Files</Filter>
    </ClInclude>
    <ClInclude Include="CDataOutputOptionsDlg.h">
      <Filter>Header Files</Filter>
    </ClInclude>
    <ClInclude Include="CLayerDataDlg.h">
      <Filter>Header Files</Filter>
    </ClInclude>
    <ClInclude Include="CTrainInitializationDlg3.h">
      <Filter>Header Files</Filter>
    </ClInclude>
    <ClInclude Include="CArchiveWeights.h">
      <Filter>Header Files</Filter>
    </ClInclude>
    <ClInclude Include="Structures.h">
      <Filter>Header Files</Filter>
    </ClInclude>
    <ClInclude Include="CJSON.h">
      <Filter>Header Files</Filter>
    </ClInclude>
    <ClInclude Include="CAutomationDlg.h">
      <Filter>Header Files</Filter>
    </ClInclude>
    <ClInclude Include="CInputOptimization.h">
      <Filter>Header Files</Filter>
    </ClInclude>
    <ClInclude Include="CFileOperations.h">
      <Filter>Header Files</Filter>
    </ClInclude>
    <ClInclude Include="CDataOperations.h">
      <Filter>Header Files</Filter>
    </ClInclude>
    <ClInclude Include="ClusterGraphWnd.h">
      <Filter>Header Files</Filter>
    </ClInclude>
    <ClInclude Include="CAssemblyPicker.h">
      <Filter>Header Files</Filter>
    </ClInclude>
  </ItemGroup>
  <ItemGroup>
    <ClCompile Include="NetDesigner.cpp">
      <Filter>Source Files</Filter>
    </ClCompile>
    <ClCompile Include="MainFrm.cpp">
      <Filter>Source Files</Filter>
    </ClCompile>
    <ClCompile Include="NetDesignerDoc.cpp">
      <Filter>Source Files</Filter>
    </ClCompile>
    <ClCompile Include="NetDesignerView.cpp">
      <Filter>Source Files</Filter>
    </ClCompile>
    <ClCompile Include="ViewTree.cpp">
      <Filter>Source Files</Filter>
    </ClCompile>
    <ClCompile Include="OutputWnd.cpp">
      <Filter>Source Files</Filter>
    </ClCompile>
    <ClCompile Include="pch.cpp">
      <Filter>Source Files</Filter>
    </ClCompile>
    <ClCompile Include="ToolboxWnd.cpp">
      <Filter>Source Files</Filter>
    </ClCompile>
    <ClCompile Include="NodeView.cpp">
      <Filter>Source Files</Filter>
    </ClCompile>
    <ClCompile Include="PropertiesWnd.cpp">
      <Filter>Source Files</Filter>
    </ClCompile>
    <ClCompile Include="CMFCVisualManagerCustom.cpp">
      <Filter>Source Files</Filter>
    </ClCompile>
    <ClCompile Include="CGuideSettings.cpp">
      <Filter>Source Files</Filter>
    </ClCompile>
    <ClCompile Include="COptions.cpp">
      <Filter>Source Files</Filter>
    </ClCompile>
    <ClCompile Include="Neuron.cpp">
      <Filter>Source Files</Filter>
    </ClCompile>
    <ClCompile Include="AuxFunctions.cpp">
      <Filter>Source Files</Filter>
    </ClCompile>
    <ClCompile Include="CNetData.cpp">
      <Filter>Source Files</Filter>
    </ClCompile>
    <ClCompile Include="CPreProcessor.cpp">
      <Filter>Source Files</Filter>
    </ClCompile>
    <ClCompile Include="CNormalize.cpp">
      <Filter>Source Files</Filter>
    </ClCompile>
    <ClCompile Include="CDateTime.cpp">
      <Filter>Source Files</Filter>
    </ClCompile>
    <ClCompile Include="CFFT.cpp">
      <Filter>Source Files</Filter>
    </ClCompile>
    <ClCompile Include="Graph.cpp">
      <Filter>Source Files</Filter>
    </ClCompile>
    <ClCompile Include="CDerivative.cpp">
      <Filter>Source Files</Filter>
    </ClCompile>
    <ClCompile Include="NetVerify.cpp">
      <Filter>Source Files</Filter>
    </ClCompile>
    <ClCompile Include="DefaultOptionsDlg.cpp">
      <Filter>Source Files</Filter>
    </ClCompile>
    <ClCompile Include="CopyrightOptions.cpp">
      <Filter>Source Files</Filter>
    </ClCompile>
    <ClCompile Include="GraphWnd.cpp">
      <Filter>Source Files</Filter>
    </ClCompile>
    <ClCompile Include="NormalizationFactor.cpp">
      <Filter>Source Files</Filter>
    </ClCompile>
    <ClCompile Include="NetOutputDlg.cpp">
      <Filter>Source Files</Filter>
    </ClCompile>
    <ClCompile Include="CActivation.cpp">
      <Filter>Source Files</Filter>
    </ClCompile>
    <ClCompile Include="CDataSetDlg.cpp">
      <Filter>Source Files</Filter>
    </ClCompile>
    <ClCompile Include="CSeedDlg.cpp">
      <Filter>Source Files</Filter>
    </ClCompile>
    <ClCompile Include="CAutoNetConfigDlg.cpp">
      <Filter>Source Files</Filter>
    </ClCompile>
    <ClCompile Include="CStatus.cpp">
      <Filter>Source Files</Filter>
    </ClCompile>
    <ClCompile Include="CAutoRnnConfigDlg.cpp">
      <Filter>Source Files</Filter>
    </ClCompile>
    <ClCompile Include="CEvaluateDlg.cpp">
      <Filter>Source Files</Filter>
    </ClCompile>
    <ClCompile Include="CAutoEncoderConfigDlg.cpp">
      <Filter>Source Files</Filter>
    </ClCompile>
    <ClCompile Include="CGraphOptions.cpp">
      <Filter>Source Files</Filter>
    </ClCompile>
    <ClCompile Include="DataView.cpp">
      <Filter>Source Files</Filter>
    </ClCompile>
    <ClCompile Include="CFileNameParser.cpp">
      <Filter>Source Files</Filter>
    </ClCompile>
    <ClCompile Include="CNetInfo.cpp">
      <Filter>Source Files</Filter>
    </ClCompile>
    <ClCompile Include="CStatus2.cpp">
      <Filter>Source Files</Filter>
    </ClCompile>
    <ClCompile Include="CExportFileTypeDlg.cpp">
      <Filter>Source Files</Filter>
    </ClCompile>
    <ClCompile Include="CTrainInitializationDlg1.cpp">
      <Filter>Source Files</Filter>
    </ClCompile>
    <ClCompile Include="CTrainInitializationDlg2.cpp">
      <Filter>Source Files</Filter>
    </ClCompile>
    <ClCompile Include="WaveFile.cpp">
      <Filter>Source Files</Filter>
    </ClCompile>
    <ClCompile Include="CFieldKeyDlg.cpp">
      <Filter>Source Files</Filter>
    </ClCompile>
    <ClCompile Include="CEvaluateFileDlg.cpp">
      <Filter>Source Files</Filter>
    </ClCompile>
    <ClCompile Include="CClusterAnalysisDlg.cpp">
      <Filter>Source Files</Filter>
    </ClCompile>
    <ClCompile Include="CFileTypeSelectDlg.cpp">
      <Filter>Source Files</Filter>
    </ClCompile>
    <ClCompile Include="CDataOutputOptionsDlg.cpp">
      <Filter>Source Files</Filter>
    </ClCompile>
    <ClCompile Include="CLayerDataDlg.cpp">
      <Filter>Source Files</Filter>
    </ClCompile>
    <ClCompile Include="CTrainInitializationDlg3.cpp">
      <Filter>Source Files</Filter>
    </ClCompile>
    <ClCompile Include="CArchiveWeights.cpp">
      <Filter>Source Files</Filter>
    </ClCompile>
    <ClCompile Include="CJSON.cpp">
      <Filter>Source Files</Filter>
    </ClCompile>
    <ClCompile Include="CAutomationDlg.cpp">
      <Filter>Source Files</Filter>
    </ClCompile>
    <ClCompile Include="CInputOptimization.cpp">
      <Filter>Source Files</Filter>
    </ClCompile>
    <ClCompile Include="CFileOperations.cpp">
      <Filter>Source Files</Filter>
    </ClCompile>
    <ClCompile Include="CDataOperations.cpp">
      <Filter>Source Files</Filter>
    </ClCompile>
    <ClCompile Include="ClusterGraphWnd.cpp">
      <Filter>Source Files</Filter>
    </ClCompile>
    <ClCompile Include="CAssemblyPicker.cpp">
      <Filter>Source Files</Filter>
    </ClCompile>
  </ItemGroup>
  <ItemGroup>
    <None Include="NetDesigner.reg" />
    <None Include="res\ribbon.mfcribbon-ms">
      <Filter>Resource Files</Filter>
    </None>
    <None Include="res\NetDesigner.rc2">
      <Filter>Resource Files</Filter>
    </None>
    <None Include="resource.hm">
      <Filter>Header Files</Filter>
    </None>
    <None Include="res\cursor1.cur">
      <Filter>Resource Files</Filter>
    </None>
    <None Include="res\cursor2.cur">
      <Filter>Resource Files</Filter>
    </None>
    <None Include="res\crosshai.cur">
      <Filter>Resource Files</Filter>
    </None>
    <None Include="res\cur00001.cur">
      <Filter>Resource Files</Filter>
    </None>
    <None Include="Neuron.swift" />
  </ItemGroup>
  <ItemGroup>
    <ResourceCompile Include="NetDesigner.rc">
      <Filter>Resource Files</Filter>
    </ResourceCompile>
  </ItemGroup>
  <ItemGroup>
    <Image Include="res\file_view.ico">
      <Filter>Resource Files</Filter>
    </Image>
    <Image Include="res\file_view_hc.ico">
      <Filter>Resource Files</Filter>
    </Image>
    <Image Include="res\class_view.ico">
      <Filter>Resource Files</Filter>
    </Image>
    <Image Include="res\class_view_hc.ico">
      <Filter>Resource Files</Filter>
    </Image>
    <Image Include="res\fileview.bmp">
      <Filter>Resource Files</Filter>
    </Image>
    <Image Include="res\fileview_hc.bmp">
      <Filter>Resource Files</Filter>
    </Image>
    <Image Include="res\classview.bmp">
      <Filter>Resource Files</Filter>
    </Image>
    <Image Include="res\classview_hc.bmp">
      <Filter>Resource Files</Filter>
    </Image>
    <Image Include="res\explorer.bmp">
      <Filter>Resource Files</Filter>
    </Image>
    <Image Include="res\explorer_hc.bmp">
      <Filter>Resource Files</Filter>
    </Image>
    <Image Include="res\sort.bmp">
      <Filter>Resource Files</Filter>
    </Image>
    <Image Include="res\sort_hc.bmp">
      <Filter>Resource Files</Filter>
    </Image>
    <Image Include="res\menuimages.bmp">
      <Filter>Resource Files</Filter>
    </Image>
    <Image Include="res\menuimages_hc.bmp">
      <Filter>Resource Files</Filter>
    </Image>
    <Image Include="res\output_wnd.ico">
      <Filter>Resource Files</Filter>
    </Image>
    <Image Include="res\output_wnd_hc.ico">
      <Filter>Resource Files</Filter>
    </Image>
    <Image Include="res\properties_wnd.ico">
      <Filter>Resource Files</Filter>
    </Image>
    <Image Include="res\properties_wnd_hc.ico">
      <Filter>Resource Files</Filter>
    </Image>
    <Image Include="res\properties.bmp">
      <Filter>Resource Files</Filter>
    </Image>
    <Image Include="res\properties_hc.bmp">
      <Filter>Resource Files</Filter>
    </Image>
    <Image Include="res\buttons.bmp">
      <Filter>Resource Files</Filter>
    </Image>
    <Image Include="res\filelarge.bmp">
      <Filter>Resource Files</Filter>
    </Image>
    <Image Include="res\filesmall.bmp">
      <Filter>Resource Files</Filter>
    </Image>
    <Image Include="res\main.bmp">
      <Filter>Resource Files</Filter>
    </Image>
    <Image Include="res\writelarge.bmp">
      <Filter>Resource Files</Filter>
    </Image>
    <Image Include="res\writesmall.bmp">
      <Filter>Resource Files</Filter>
    </Image>
    <Image Include="res\NetDesignerDoc.ico">
      <Filter>Resource Files</Filter>
    </Image>
    <Image Include="res\NetDesigner.ico">
      <Filter>Resource Files</Filter>
    </Image>
    <Image Include="res\Toolbar.bmp">
      <Filter>Resource Files</Filter>
    </Image>
    <Image Include="res\Toolbar256.bmp">
      <Filter>Resource Files</Filter>
    </Image>
    <Image Include="res\bitmap1.bmp">
      <Filter>Resource Files</Filter>
    </Image>
    <Image Include="res\bitmap2.bmp">
      <Filter>Resource Files</Filter>
    </Image>
    <Image Include="res\bmp00001.bmp">
      <Filter>Resource Files</Filter>
    </Image>
    <Image Include="res\main2.bmp">
      <Filter>Resource Files</Filter>
    </Image>
    <Image Include="res\buttonslarge.bmp">
      <Filter>Resource Files</Filter>
    </Image>
    <Image Include="res\write16.bmp">
      <Filter>Resource Files</Filter>
    </Image>
    <Image Include="res\write32.bmp">
      <Filter>Resource Files</Filter>
    </Image>
    <Image Include="res\buttons32.bmp">
      <Filter>Resource Files</Filter>
    </Image>
    <Image Include="res\buttons16.bmp">
      <Filter>Resource Files</Filter>
    </Image>
    <Image Include="res\file32.bmp">
      <Filter>Resource Files</Filter>
    </Image>
    <Image Include="res\file16.bmp">
      <Filter>Resource Files</Filter>
    </Image>
    <Image Include="res\classview_hc_16.bmp">
      <Filter>Resource Files</Filter>
    </Image>
    <Image Include="res\fit_to_size.png">
      <Filter>Resource Files</Filter>
    </Image>
    <Image Include="res\fit16.bmp">
      <Filter>Resource Files</Filter>
    </Image>
    <Image Include="res\icon1.ico">
      <Filter>Resource Files</Filter>
    </Image>
    <Image Include="res\file_vie.ico">
      <Filter>Resource Files</Filter>
    </Image>
    <Image Include="res\data128.png">
      <Filter>Resource Files</Filter>
    </Image>
    <Image Include="res\data128.bmp">
      <Filter>Resource Files</Filter>
    </Image>
    <Image Include="res\bitmap3.bmp">
      <Filter>Resource Files</Filter>
    </Image>
    <Image Include="res\icon2.ico">
      <Filter>Resource Files</Filter>
    </Image>
    <Image Include="res\ico00001.ico">
      <Filter>Resource Files</Filter>
    </Image>
    <Image Include="res\toolbox_view.ico">
      <Filter>Resource Files</Filter>
    </Image>
    <Image Include="res\toolbox_hc.ico">
      <Filter>Resource Files</Filter>
    </Image>
    <Image Include="res\toolbox_wnd.ico">
      <Filter>Resource Files</Filter>
    </Image>
    <Image Include="res\toolbox_wnd_hc.ico">
      <Filter>Resource Files</Filter>
    </Image>
    <Image Include="res\graph.ico">
      <Filter>Resource Files</Filter>
    </Image>
    <Image Include="res\graph_hc.ico">
      <Filter>Resource Files</Filter>
    </Image>
    <Image Include="res\folder_open.png">
      <Filter>Resource Files</Filter>
    </Image>
  </ItemGroup>
  <ItemGroup>
    <Text Include="WorkList.txt">
      <Filter>Source Files</Filter>
    </Text>
  </ItemGroup>
</Project>